
Microsoft Visual Studio Solution File, Format Version 12.00
# Visual Studio Version 16
VisualStudioVersion = 16.0.31205.134
MinimumVisualStudioVersion = 10.0.40219.1
Project("{FAE04EC0-301F-11D3-BF4B-00C04F79EFBC}") = "SApp01", "SApp01\SApp01.csproj", "{2F1CC6DB-BADB-4CBF-83CC-A595BAC2C629}"
EndProject
Project("{FAE04EC0-301F-11D3-BF4B-00C04F79EFBC}") = "SApp02", "SApp02\SApp02.csproj", "{99E608EF-E007-46FB-9A7C-BDE48CE5D392}"
EndProject
Project("{FAE04EC0-301F-11D3-BF4B-00C04F79EFBC}") = "SApp03", "SApp03\SApp03.csproj", "{3ED43CC0-688C-47E6-9723-30AF55DD24A4}"
EndProject
Project("{FAE04EC0-301F-11D3-BF4B-00C04F79EFBC}") = "HomeWork3_Task3", "HomeWork3\HomeWork3_Task3.csproj", "{1944C113-3721-4638-9253-67C2ADAFFD58}"
EndProject
Project("{FAE04EC0-301F-11D3-BF4B-00C04F79EFBC}") = "HomeWork3_Task2", "HomeWork3_Task2\HomeWork3_Task2.csproj", "{89386FBE-130E-4F19-8C90-857CB76DD3DE}"
EndProject
Global
	GlobalSection(SolutionConfigurationPlatforms) = preSolution
		Debug|Any CPU = Debug|Any CPU
		Release|Any CPU = Release|Any CPU
	EndGlobalSection
	GlobalSection(ProjectConfigurationPlatforms) = postSolution
		{2F1CC6DB-BADB-4CBF-83CC-A595BAC2C629}.Debug|Any CPU.ActiveCfg = Debug|Any CPU
		{2F1CC6DB-BADB-4CBF-83CC-A595BAC2C629}.Debug|Any CPU.Build.0 = Debug|Any CPU
		{2F1CC6DB-BADB-4CBF-83CC-A595BAC2C629}.Release|Any CPU.ActiveCfg = Release|Any CPU
		{2F1CC6DB-BADB-4CBF-83CC-A595BAC2C629}.Release|Any CPU.Build.0 = Release|Any CPU
		{99E608EF-E007-46FB-9A7C-BDE48CE5D392}.Debug|Any CPU.ActiveCfg = Debug|Any CPU
		{99E608EF-E007-46FB-9A7C-BDE48CE5D392}.Debug|Any CPU.Build.0 = Debug|Any CPU
		{99E608EF-E007-46FB-9A7C-BDE48CE5D392}.Release|Any CPU.ActiveCfg = Release|Any CPU
		{99E608EF-E007-46FB-9A7C-BDE48CE5D392}.Release|Any CPU.Build.0 = Release|Any CPU
		{3ED43CC0-688C-47E6-9723-30AF55DD24A4}.Debug|Any CPU.ActiveCfg = Debug|Any CPU
		{3ED43CC0-688C-47E6-9723-30AF55DD24A4}.Debug|Any CPU.Build.0 = Debug|Any CPU
		{3ED43CC0-688C-47E6-9723-30AF55DD24A4}.Release|Any CPU.ActiveCfg = Release|Any CPU
		{3ED43CC0-688C-47E6-9723-30AF55DD24A4}.Release|Any CPU.Build.0 = Release|Any CPU
		{1944C113-3721-4638-9253-67C2ADAFFD58}.Debug|Any CPU.ActiveCfg = Debug|Any CPU
		{1944C113-3721-4638-9253-67C2ADAFFD58}.Debug|Any CPU.Build.0 = Debug|Any CPU
		{1944C113-3721-4638-9253-67C2ADAFFD58}.Release|Any CPU.ActiveCfg = Release|Any CPU
		{1944C113-3721-4638-9253-67C2ADAFFD58}.Release|Any CPU.Build.0 = Release|Any CPU
		{89386FBE-130E-4F19-8C90-857CB76DD3DE}.Debug|Any CPU.ActiveCfg = Debug|Any CPU
		{89386FBE-130E-4F19-8C90-857CB76DD3DE}.Debug|Any CPU.Build.0 = Debug|Any CPU
		{89386FBE-130E-4F19-8C90-857CB76DD3DE}.Release|Any CPU.ActiveCfg = Release|Any CPU
		{89386FBE-130E-4F19-8C90-857CB76DD3DE}.Release|Any CPU.Build.0 = Release|Any CPU
	EndGlobalSection
	GlobalSection(SolutionProperties) = preSolution
		HideSolutionNode = FALSE
	EndGlobalSection
	GlobalSection(ExtensibilityGlobals) = postSolution
		SolutionGuid = {8C0184F9-5C44-47F2-A614-094879716DFD}
	EndGlobalSection
EndGlobal
